
Microsoft Visual Studio Solution File, Format Version 12.00
# Visual Studio Version 17
VisualStudioVersion = 17.4.33205.214
MinimumVisualStudioVersion = 10.0.40219.1
Project("{2150E333-8FDC-42A3-9474-1A3956D46DE8}") = "Infrastructures", "Infrastructures", "{919A9FC9-507E-4CE4-BF20-0C0559539CA7}"
EndProject
Project("{2150E333-8FDC-42A3-9474-1A3956D46DE8}") = "EvenBus", "EvenBus", "{722027E4-7073-40DB-8743-54949092A327}"
EndProject
Project("{9A19103F-16F7-4668-BE54-9A1E7A4F7556}") = "EventBus.Contracts", "Infrastructures\EventBus\EventBus.Contracts\EventBus.Contracts.csproj", "{78A95EE7-27F5-493F-8C62-8328FFA291C7}"
EndProject
Project("{9A19103F-16F7-4668-BE54-9A1E7A4F7556}") = "EventBus.RabbitMq", "Infrastructures\EventBus\EventBus.RabbitMq\EventBus.RabbitMq.csproj", "{5E00876D-7BF9-4818-9B43-D03B6D79A086}"
EndProject
Project("{2150E333-8FDC-42A3-9474-1A3956D46DE8}") = "ClientEndpoints", "ClientEndpoints", "{FD567C16-6561-43B6-B42E-59C98C1826B5}"
EndProject
Project("{2150E333-8FDC-42A3-9474-1A3956D46DE8}") = "UI", "UI", "{AB2D6C49-DDB7-4A01-B1DE-CC9639F830BF}"
EndProject
Project("{9A19103F-16F7-4668-BE54-9A1E7A4F7556}") = "UI.SpaBlazor", "ClientEndpoints\UI\UI.SpaBlazor\UI.SpaBlazor.csproj", "{68BDFC34-D9DC-48DF-9179-2C53C564ACED}"
EndProject
Project("{2150E333-8FDC-42A3-9474-1A3956D46DE8}") = "ApiGateways", "ApiGateways", "{0E27255E-77B9-45F6-ACE8-F16268792DE8}"
EndProject
Project("{2150E333-8FDC-42A3-9474-1A3956D46DE8}") = "Web.Bff.IoT.Control", "Web.Bff.IoT.Control", "{E987A10C-BF31-4502-BA06-5E785F1F5EB9}"
EndProject
Project("{2150E333-8FDC-42A3-9474-1A3956D46DE8}") = "Web.Bff.IoT.Devices", "Web.Bff.IoT.Devices", "{15DD519C-5A80-47E0-9E09-723DA5B0DBBB}"
EndProject
Project("{9A19103F-16F7-4668-BE54-9A1E7A4F7556}") = "ApiGateways.Web.IoT.Control", "ApiGateways\Web.Bff.IoT.Control\ApiGateways.Web.IoT.Control\ApiGateways.Web.IoT.Control.csproj", "{0CF1E4EA-0966-48EB-B3D0-03187343DA51}"
EndProject
Project("{2150E333-8FDC-42A3-9474-1A3956D46DE8}") = "Domain", "Domain", "{1AD8C7CF-4D16-4895-89ED-DDE83E84CF74}"
EndProject
Project("{2150E333-8FDC-42A3-9474-1A3956D46DE8}") = "Core", "Core", "{56FB2888-3BC1-4F7B-9857-E787E2568D3D}"
EndProject
Project("{2150E333-8FDC-42A3-9474-1A3956D46DE8}") = "Framework", "Framework", "{85693FFD-A07C-43AC-A84D-3B55ABAD9F92}"
EndProject
Project("{9A19103F-16F7-4668-BE54-9A1E7A4F7556}") = "SweetHome.Core.Framework", "Core\Framework\SweetHome.Core.Framework\SweetHome.Core.Framework.csproj", "{F367E043-A0D1-40A6-92CC-97D4A9C1D379}"
EndProject
Project("{2150E333-8FDC-42A3-9474-1A3956D46DE8}") = "Services", "Services", "{96816303-CE68-4081-89AC-EF0A1EB4E2D3}"
EndProject
Project("{9A19103F-16F7-4668-BE54-9A1E7A4F7556}") = "SweetHome.Core.Services.IotHomeDeviceInterface", "Core\Services\SweetHome.Core.Services.IotHomeDeviceInterface\SweetHome.Core.Services.IotHomeDeviceInterface.csproj", "{6392476B-F475-4F2A-B7C9-DBC23A6A6C31}"
EndProject
Project("{9A19103F-16F7-4668-BE54-9A1E7A4F7556}") = "SweetHome.Core.Services.IotElectronicDeviceInterface", "Core\Services\SweetHome.Core.Services.IotElectronicDeviceInterface\SweetHome.Core.Services.IotElectronicDeviceInterface.csproj", "{4BFF6948-0792-42E9-AC5C-7696B63A8695}"
EndProject
Global
	GlobalSection(SolutionConfigurationPlatforms) = preSolution
		Debug|Any CPU = Debug|Any CPU
		Release|Any CPU = Release|Any CPU
	EndGlobalSection
	GlobalSection(ProjectConfigurationPlatforms) = postSolution
		{78A95EE7-27F5-493F-8C62-8328FFA291C7}.Debug|Any CPU.ActiveCfg = Debug|Any CPU
		{78A95EE7-27F5-493F-8C62-8328FFA291C7}.Debug|Any CPU.Build.0 = Debug|Any CPU
		{78A95EE7-27F5-493F-8C62-8328FFA291C7}.Release|Any CPU.ActiveCfg = Release|Any CPU
		{78A95EE7-27F5-493F-8C62-8328FFA291C7}.Release|Any CPU.Build.0 = Release|Any CPU
		{5E00876D-7BF9-4818-9B43-D03B6D79A086}.Debug|Any CPU.ActiveCfg = Debug|Any CPU
		{5E00876D-7BF9-4818-9B43-D03B6D79A086}.Debug|Any CPU.Build.0 = Debug|Any CPU
		{5E00876D-7BF9-4818-9B43-D03B6D79A086}.Release|Any CPU.ActiveCfg = Release|Any CPU
		{5E00876D-7BF9-4818-9B43-D03B6D79A086}.Release|Any CPU.Build.0 = Release|Any CPU
		{68BDFC34-D9DC-48DF-9179-2C53C564ACED}.Debug|Any CPU.ActiveCfg = Debug|Any CPU
		{68BDFC34-D9DC-48DF-9179-2C53C564ACED}.Debug|Any CPU.Build.0 = Debug|Any CPU
		{68BDFC34-D9DC-48DF-9179-2C53C564ACED}.Release|Any CPU.ActiveCfg = Release|Any CPU
		{68BDFC34-D9DC-48DF-9179-2C53C564ACED}.Release|Any CPU.Build.0 = Release|Any CPU
		{0CF1E4EA-0966-48EB-B3D0-03187343DA51}.Debug|Any CPU.ActiveCfg = Debug|Any CPU
		{0CF1E4EA-0966-48EB-B3D0-03187343DA51}.Debug|Any CPU.Build.0 = Debug|Any CPU
		{0CF1E4EA-0966-48EB-B3D0-03187343DA51}.Release|Any CPU.ActiveCfg = Release|Any CPU
		{0CF1E4EA-0966-48EB-B3D0-03187343DA51}.Release|Any CPU.Build.0 = Release|Any CPU
		{F367E043-A0D1-40A6-92CC-97D4A9C1D379}.Debug|Any CPU.ActiveCfg = Debug|Any CPU
		{F367E043-A0D1-40A6-92CC-97D4A9C1D379}.Debug|Any CPU.Build.0 = Debug|Any CPU
		{F367E043-A0D1-40A6-92CC-97D4A9C1D379}.Release|Any CPU.ActiveCfg = Release|Any CPU
		{F367E043-A0D1-40A6-92CC-97D4A9C1D379}.Release|Any CPU.Build.0 = Release|Any CPU
		{6392476B-F475-4F2A-B7C9-DBC23A6A6C31}.Debug|Any CPU.ActiveCfg = Debug|Any CPU
		{6392476B-F475-4F2A-B7C9-DBC23A6A6C31}.Debug|Any CPU.Build.0 = Debug|Any CPU
		{6392476B-F475-4F2A-B7C9-DBC23A6A6C31}.Release|Any CPU.ActiveCfg = Release|Any CPU
		{6392476B-F475-4F2A-B7C9-DBC23A6A6C31}.Release|Any CPU.Build.0 = Release|Any CPU
		{4BFF6948-0792-42E9-AC5C-7696B63A8695}.Debug|Any CPU.ActiveCfg = Debug|Any CPU
		{4BFF6948-0792-42E9-AC5C-7696B63A8695}.Debug|Any CPU.Build.0 = Debug|Any CPU
		{4BFF6948-0792-42E9-AC5C-7696B63A8695}.Release|Any CPU.ActiveCfg = Release|Any CPU
		{4BFF6948-0792-42E9-AC5C-7696B63A8695}.Release|Any CPU.Build.0 = Release|Any CPU
	EndGlobalSection
	GlobalSection(SolutionProperties) = preSolution
		HideSolutionNode = FALSE
	EndGlobalSection
	GlobalSection(NestedProjects) = preSolution
		{722027E4-7073-40DB-8743-54949092A327} = {919A9FC9-507E-4CE4-BF20-0C0559539CA7}
		{78A95EE7-27F5-493F-8C62-8328FFA291C7} = {722027E4-7073-40DB-8743-54949092A327}
		{5E00876D-7BF9-4818-9B43-D03B6D79A086} = {722027E4-7073-40DB-8743-54949092A327}
		{AB2D6C49-DDB7-4A01-B1DE-CC9639F830BF} = {FD567C16-6561-43B6-B42E-59C98C1826B5}
		{68BDFC34-D9DC-48DF-9179-2C53C564ACED} = {AB2D6C49-DDB7-4A01-B1DE-CC9639F830BF}
		{E987A10C-BF31-4502-BA06-5E785F1F5EB9} = {0E27255E-77B9-45F6-ACE8-F16268792DE8}
		{15DD519C-5A80-47E0-9E09-723DA5B0DBBB} = {0E27255E-77B9-45F6-ACE8-F16268792DE8}
		{0CF1E4EA-0966-48EB-B3D0-03187343DA51} = {E987A10C-BF31-4502-BA06-5E785F1F5EB9}
		{1AD8C7CF-4D16-4895-89ED-DDE83E84CF74} = {56FB2888-3BC1-4F7B-9857-E787E2568D3D}
		{85693FFD-A07C-43AC-A84D-3B55ABAD9F92} = {56FB2888-3BC1-4F7B-9857-E787E2568D3D}
		{F367E043-A0D1-40A6-92CC-97D4A9C1D379} = {85693FFD-A07C-43AC-A84D-3B55ABAD9F92}
		{96816303-CE68-4081-89AC-EF0A1EB4E2D3} = {56FB2888-3BC1-4F7B-9857-E787E2568D3D}
		{6392476B-F475-4F2A-B7C9-DBC23A6A6C31} = {96816303-CE68-4081-89AC-EF0A1EB4E2D3}
		{4BFF6948-0792-42E9-AC5C-7696B63A8695} = {96816303-CE68-4081-89AC-EF0A1EB4E2D3}
	EndGlobalSection
	GlobalSection(ExtensibilityGlobals) = postSolution
		SolutionGuid = {F6A0FD3D-992A-46ED-A3AC-2CDEF59CD026}
	EndGlobalSection
EndGlobal
